
Microsoft Visual Studio Solution File, Format Version 12.00
# Visual Studio Version 17
VisualStudioVersion = 17.5.33627.172
MinimumVisualStudioVersion = 10.0.40219.1
Project("{FAE04EC0-301F-11D3-BF4B-00C04F79EFBC}") = "RenameFile", "RenameFile\RenameFile.csproj", "{98A70AE7-48C3-4C82-AD59-6252515CE774}"
EndProject
Global
	GlobalSection(SolutionConfigurationPlatforms) = preSolution
		Debug|Any CPU = Debug|Any CPU
		Release|Any CPU = Release|Any CPU
	EndGlobalSection
	GlobalSection(ProjectConfigurationPlatforms) = postSolution
		{98A70AE7-48C3-4C82-AD59-6252515CE774}.Debug|Any CPU.ActiveCfg = Debug|Any CPU
		{98A70AE7-48C3-4C82-AD59-6252515CE774}.Debug|Any CPU.Build.0 = Debug|Any CPU
		{98A70AE7-48C3-4C82-AD59-6252515CE774}.Release|Any CPU.ActiveCfg = Release|Any CPU
		{98A70AE7-48C3-4C82-AD59-6252515CE774}.Release|Any CPU.Build.0 = Release|Any CPU
	EndGlobalSection
	GlobalSection(SolutionProperties) = preSolution
		HideSolutionNode = FALSE
	EndGlobalSection
	GlobalSection(ExtensibilityGlobals) = postSolution
		SolutionGuid = {5E6814D7-C45B-4166-A0A9-8025CBF53D90}
	EndGlobalSection
EndGlobal
